// !$*UTF8*$!
{
	archiveVersion = 1;
	classes = {
	};
	objectVersion = 46;
	objects = {

/* Begin PBXBuildFile section */
		F828B7851E541A6B006F8E93 /* MohamadHadiIcon5858.png in Resources */ = {isa = PBXBuildFile; fileRef = F828B7841E541A6B006F8E93 /* MohamadHadiIcon5858.png */; };
		F828B7871E541AF4006F8E93 /* MohamadHadiIcon120120.png in Resources */ = {isa = PBXBuildFile; fileRef = F828B7861E541AF4006F8E93 /* MohamadHadiIcon120120.png */; };
		F83443FE1E53BB6900E5C8D7 /* DateCalculation.swift in Sources */ = {isa = PBXBuildFile; fileRef = F83443FD1E53BB6900E5C8D7 /* DateCalculation.swift */; };
		F83444071E53D98F00E5C8D7 /* MohamadHadiIcon8080.png in Resources */ = {isa = PBXBuildFile; fileRef = F83444061E53D98F00E5C8D7 /* MohamadHadiIcon8080.png */; };
		F83444091E53DB6100E5C8D7 /* MohamadHadiIcon4040.png in Resources */ = {isa = PBXBuildFile; fileRef = F83444081E53DB6100E5C8D7 /* MohamadHadiIcon4040.png */; };
		F834440B1E53DCB000E5C8D7 /* MohamadHadiIcon6060.png in Resources */ = {isa = PBXBuildFile; fileRef = F834440A1E53DCB000E5C8D7 /* MohamadHadiIcon6060.png */; };
		F834440E1E53DE2100E5C8D7 /* MohamadHadi.JPG in Resources */ = {isa = PBXBuildFile; fileRef = F834440D1E53DE2100E5C8D7 /* MohamadHadi.JPG */; };
		F83444101E53DE7D00E5C8D7 /* MohamadHadi.jpeg in Resources */ = {isa = PBXBuildFile; fileRef = F834440F1E53DE7D00E5C8D7 /* MohamadHadi.jpeg */; };
		F84175571E639C7900F7B81D /* PrayerModel.xcdatamodeld in Sources */ = {isa = PBXBuildFile; fileRef = F84175551E639C7900F7B81D /* PrayerModel.xcdatamodeld */; };
		F84245621E5029DF002587D1 /* AppDelegate.swift in Sources */ = {isa = PBXBuildFile; fileRef = F84245611E5029DF002587D1 /* AppDelegate.swift */; };
		F84245641E5029DF002587D1 /* ViewController.swift in Sources */ = {isa = PBXBuildFile; fileRef = F84245631E5029DF002587D1 /* ViewController.swift */; };
		F84245671E5029E0002587D1 /* Main.storyboard in Resources */ = {isa = PBXBuildFile; fileRef = F84245651E5029E0002587D1 /* Main.storyboard */; };
		F84245691E5029E0002587D1 /* Assets.xcassets in Resources */ = {isa = PBXBuildFile; fileRef = F84245681E5029E0002587D1 /* Assets.xcassets */; };
		F842456C1E5029E0002587D1 /* LaunchScreen.storyboard in Resources */ = {isa = PBXBuildFile; fileRef = F842456A1E5029E0002587D1 /* LaunchScreen.storyboard */; };
/* End PBXBuildFile section */

/* Begin PBXFileReference section */
		F828B7841E541A6B006F8E93 /* MohamadHadiIcon5858.png */ = {isa = PBXFileReference; lastKnownFileType = image.png; path = MohamadHadiIcon5858.png; sourceTree = "<group>"; };
		F828B7861E541AF4006F8E93 /* MohamadHadiIcon120120.png */ = {isa = PBXFileReference; lastKnownFileType = image.png; path = MohamadHadiIcon120120.png; sourceTree = "<group>"; };
		F83443FD1E53BB6900E5C8D7 /* DateCalculation.swift */ = {isa = PBXFileReference; fileEncoding = 4; lastKnownFileType = sourcecode.swift; path = DateCalculation.swift; sourceTree = "<group>"; };
		F83444061E53D98F00E5C8D7 /* MohamadHadiIcon8080.png */ = {isa = PBXFileReference; lastKnownFileType = image.png; path = MohamadHadiIcon8080.png; sourceTree = "<group>"; };
		F83444081E53DB6100E5C8D7 /* MohamadHadiIcon4040.png */ = {isa = PBXFileReference; lastKnownFileType = image.png; path = MohamadHadiIcon4040.png; sourceTree = "<group>"; };
		F834440A1E53DCB000E5C8D7 /* MohamadHadiIcon6060.png */ = {isa = PBXFileReference; lastKnownFileType = image.png; path = MohamadHadiIcon6060.png; sourceTree = "<group>"; };
		F834440D1E53DE2100E5C8D7 /* MohamadHadi.JPG */ = {isa = PBXFileReference; lastKnownFileType = image.jpeg; path = MohamadHadi.JPG; sourceTree = "<group>"; };
		F834440F1E53DE7D00E5C8D7 /* MohamadHadi.jpeg */ = {isa = PBXFileReference; lastKnownFileType = image.jpeg; path = MohamadHadi.jpeg; sourceTree = "<group>"; };
		F84175561E639C7900F7B81D /* PrayerModel.xcdatamodel */ = {isa = PBXFileReference; lastKnownFileType = wrapper.xcdatamodel; path = PrayerModel.xcdatamodel; sourceTree = "<group>"; };
		F842455E1E5029DF002587D1 /* Prayers.app */ = {isa = PBXFileReference; explicitFileType = wrapper.application; includeInIndex = 0; path = Prayers.app; sourceTree = BUILT_PRODUCTS_DIR; };
		F84245611E5029DF002587D1 /* AppDelegate.swift */ = {isa = PBXFileReference; lastKnownFileType = sourcecode.swift; path = AppDelegate.swift; sourceTree = "<group>"; };
		F84245631E5029DF002587D1 /* ViewController.swift */ = {isa = PBXFileReference; lastKnownFileType = sourcecode.swift; path = ViewController.swift; sourceTree = "<group>"; };
		F84245661E5029E0002587D1 /* Base */ = {isa = PBXFileReference; lastKnownFileType = file.storyboard; name = Base; path = Base.lproj/Main.storyboard; sourceTree = "<group>"; };
		F84245681E5029E0002587D1 /* Assets.xcassets */ = {isa = PBXFileReference; lastKnownFileType = folder.assetcatalog; path = Assets.xcassets; sourceTree = "<group>"; };
		F842456B1E5029E0002587D1 /* Base */ = {isa = PBXFileReference; lastKnownFileType = file.storyboard; name = Base; path = Base.lproj/LaunchScreen.storyboard; sourceTree = "<group>"; };
		F842456D1E5029E0002587D1 /* Info.plist */ = {isa = PBXFileReference; lastKnownFileType = text.plist.xml; path = Info.plist; sourceTree = "<group>"; };
/* End PBXFileReference section */

/* Begin PBXFrameworksBuildPhase section */
		F842455B1E5029DF002587D1 /* Frameworks */ = {
			isa = PBXFrameworksBuildPhase;
			buildActionMask = 2147483647;
			files = (
			);
			runOnlyForDeploymentPostprocessing = 0;
		};
/* End PBXFrameworksBuildPhase section */

/* Begin PBXGroup section */
		F834440C1E53DD4B00E5C8D7 /* MohamadHadiIcons */ = {
			isa = PBXGroup;
			children = (
				F834440D1E53DE2100E5C8D7 /* MohamadHadi.JPG */,
				F83444061E53D98F00E5C8D7 /* MohamadHadiIcon8080.png */,
				F828B7841E541A6B006F8E93 /* MohamadHadiIcon5858.png */,
				F828B7861E541AF4006F8E93 /* MohamadHadiIcon120120.png */,
				F834440A1E53DCB000E5C8D7 /* MohamadHadiIcon6060.png */,
				F834440F1E53DE7D00E5C8D7 /* MohamadHadi.jpeg */,
				F83444081E53DB6100E5C8D7 /* MohamadHadiIcon4040.png */,
			);
			name = MohamadHadiIcons;
			path = Prayers;
			sourceTree = "<group>";
		};
		F84245551E5029DF002587D1 = {
			isa = PBXGroup;
			children = (
				F84245601E5029DF002587D1 /* Prayers */,
				F842455F1E5029DF002587D1 /* Products */,
				F84245731E502A68002587D1 /* Supporting files */,
				F834440C1E53DD4B00E5C8D7 /* MohamadHadiIcons */,
			);
			sourceTree = "<group>";
		};
		F842455F1E5029DF002587D1 /* Products */ = {
			isa = PBXGroup;
			children = (
				F842455E1E5029DF002587D1 /* Prayers.app */,
			);
			name = Products;
			sourceTree = "<group>";
		};
		F84245601E5029DF002587D1 /* Prayers */ = {
			isa = PBXGroup;
			children = (
				F84245631E5029DF002587D1 /* ViewController.swift */,
				F84175551E639C7900F7B81D /* PrayerModel.xcdatamodeld */,
				F83443FD1E53BB6900E5C8D7 /* DateCalculation.swift */,
				F84245651E5029E0002587D1 /* Main.storyboard */,
			);
			path = Prayers;
			sourceTree = "<group>";
		};
		F84245731E502A68002587D1 /* Supporting files */ = {
			isa = PBXGroup;
			children = (
				F84245611E5029DF002587D1 /* AppDelegate.swift */,
				F84245681E5029E0002587D1 /* Assets.xcassets */,
				F842456A1E5029E0002587D1 /* LaunchScreen.storyboard */,
				F842456D1E5029E0002587D1 /* Info.plist */,
			);
			name = "Supporting files";
			path = Prayers;
			sourceTree = "<group>";
		};
/* End PBXGroup section */

/* Begin PBXNativeTarget section */
		F842455D1E5029DF002587D1 /* Prayers */ = {
			isa = PBXNativeTarget;
			buildConfigurationList = F84245701E5029E0002587D1 /* Build configuration list for PBXNativeTarget "Prayers" */;
			buildPhases = (
				F842455A1E5029DF002587D1 /* Sources */,
				F842455B1E5029DF002587D1 /* Frameworks */,
				F842455C1E5029DF002587D1 /* Resources */,
			);
			buildRules = (
			);
			dependencies = (
			);
			name = Prayers;
			productName = Prayers;
			productReference = F842455E1E5029DF002587D1 /* Prayers.app */;
			productType = "com.apple.product-type.application";
		};
/* End PBXNativeTarget section */

/* Begin PBXProject section */
		F84245561E5029DF002587D1 /* Project object */ = {
			isa = PBXProject;
			attributes = {
				LastSwiftUpdateCheck = 0820;
				LastUpgradeCheck = 0820;
				ORGANIZATIONNAME = "Rabih Fawaz";
				TargetAttributes = {
					F842455D1E5029DF002587D1 = {
						CreatedOnToolsVersion = 8.2.1;
						DevelopmentTeam = HB3L92PXLH;
						ProvisioningStyle = Automatic;
					};
				};
			};
			buildConfigurationList = F84245591E5029DF002587D1 /* Build configuration list for PBXProject "Prayers" */;
			compatibilityVersion = "Xcode 3.2";
			developmentRegion = English;
			hasScannedForEncodings = 0;
			knownRegions = (
				en,
				Base,
			);
			mainGroup = F84245551E5029DF002587D1;
			productRefGroup = F842455F1E5029DF002587D1 /* Products */;
			projectDirPath = "";
			projectRoot = "";
			targets = (
				F842455D1E5029DF002587D1 /* Prayers */,
			);
		};
/* End PBXProject section */

/* Begin PBXResourcesBuildPhase section */
		F842455C1E5029DF002587D1 /* Resources */ = {
			isa = PBXResourcesBuildPhase;
			buildActionMask = 2147483647;
			files = (
				F834440B1E53DCB000E5C8D7 /* MohamadHadiIcon6060.png in Resources */,
				F83444101E53DE7D00E5C8D7 /* MohamadHadi.jpeg in Resources */,
				F828B7871E541AF4006F8E93 /* MohamadHadiIcon120120.png in Resources */,
				F83444091E53DB6100E5C8D7 /* MohamadHadiIcon4040.png in Resources */,
				F842456C1E5029E0002587D1 /* LaunchScreen.storyboard in Resources */,
				F83444071E53D98F00E5C8D7 /* MohamadHadiIcon8080.png in Resources */,
				F84245691E5029E0002587D1 /* Assets.xcassets in Resources */,
				F84245671E5029E0002587D1 /* Main.storyboard in Resources */,
				F834440E1E53DE2100E5C8D7 /* MohamadHadi.JPG in Resources */,
				F828B7851E541A6B006F8E93 /* MohamadHadiIcon5858.png in Resources */,
			);
			runOnlyForDeploymentPostprocessing = 0;
		};
/* End PBXResourcesBuildPhase section */

/* Begin PBXSourcesBuildPhase section */
		F842455A1E5029DF002587D1 /* Sources */ = {
			isa = PBXSourcesBuildPhase;
			buildActionMask = 2147483647;
			files = (
				F84175571E639C7900F7B81D /* PrayerModel.xcdatamodeld in Sources */,
				F84245641E5029DF002587D1 /* ViewController.swift in Sources */,
				F84245621E5029DF002587D1 /* AppDelegate.swift in Sources */,
				F83443FE1E53BB6900E5C8D7 /* DateCalculation.swift in Sources */,
			);
			runOnlyForDeploymentPostprocessing = 0;
		};
/* End PBXSourcesBuildPhase section */

/* Begin PBXVariantGroup section */
		F84245651E5029E0002587D1 /* Main.storyboard */ = {
			isa = PBXVariantGroup;
			children = (
				F84245661E5029E0002587D1 /* Base */,
			);
			name = Main.storyboard;
			sourceTree = "<group>";
		};
		F842456A1E5029E0002587D1 /* LaunchScreen.storyboard */ = {
			isa = PBXVariantGroup;
			children = (
				F842456B1E5029E0002587D1 /* Base */,
			);
			name = LaunchScreen.storyboard;
			sourceTree = "<group>";
		};
/* End PBXVariantGroup section */

/* Begin XCBuildConfiguration section */
		F842456E1E5029E0002587D1 /* Debug */ = {
			isa = XCBuildConfiguration;
			buildSettings = {
				ALWAYS_SEARCH_USER_PATHS = NO;
				CLANG_ANALYZER_NONNULL = YES;
				CLANG_CXX_LANGUAGE_STANDARD = "gnu++0x";
				CLANG_CXX_LIBRARY = "libc++";
				CLANG_ENABLE_MODULES = YES;
				CLANG_ENABLE_OBJC_ARC = YES;
				CLANG_WARN_BOOL_CONVERSION = YES;
				CLANG_WARN_CONSTANT_CONVERSION = YES;
				CLANG_WARN_DIRECT_OBJC_ISA_USAGE = YES_ERROR;
				CLANG_WARN_DOCUMENTATION_COMMENTS = YES;
				CLANG_WARN_EMPTY_BODY = YES;
				CLANG_WARN_ENUM_CONVERSION = YES;
				CLANG_WARN_INFINITE_RECURSION = YES;
				CLANG_WARN_INT_CONVERSION = YES;
				CLANG_WARN_OBJC_ROOT_CLASS = YES_ERROR;
				CLANG_WARN_SUSPICIOUS_MOVE = YES;
				CLANG_WARN_UNREACHABLE_CODE = YES;
				CLANG_WARN__DUPLICATE_METHOD_MATCH = YES;
				"CODE_SIGN_IDENTITY[sdk=iphoneos*]" = "iPhone Developer";
				COPY_PHASE_STRIP = NO;
				DEBUG_INFORMATION_FORMAT = dwarf;
				ENABLE_STRICT_OBJC_MSGSEND = YES;
				ENABLE_TESTABILITY = YES;
				GCC_C_LANGUAGE_STANDARD = gnu99;
				GCC_DYNAMIC_NO_PIC = NO;
				GCC_NO_COMMON_BLOCKS = YES;
				GCC_OPTIMIZATION_LEVEL = 0;
				GCC_PREPROCESSOR_DEFINITIONS = (
					"DEBUG=1",
					"$(inherited)",
				);
				GCC_WARN_64_TO_32_BIT_CONVERSION = YES;
				GCC_WARN_ABOUT_RETURN_TYPE = YES_ERROR;
				GCC_WARN_UNDECLARED_SELECTOR = YES;
				GCC_WARN_UNINITIALIZED_AUTOS = YES_AGGRESSIVE;
				GCC_WARN_UNUSED_FUNCTION = YES;
				GCC_WARN_UNUSED_VARIABLE = YES;
				IPHONEOS_DEPLOYMENT_TARGET = 10.2;
				MTL_ENABLE_DEBUG_INFO = YES;
				ONLY_ACTIVE_ARCH = YES;
				SDKROOT = iphoneos;
				SWIFT_ACTIVE_COMPILATION_CONDITIONS = DEBUG;
				SWIFT_OPTIMIZATION_LEVEL = "-Onone";
			};
			name = Debug;
		};
		F842456F1E5029E0002587D1 /* Release */ = {
			isa = XCBuildConfiguration;
			buildSettings = {
				ALWAYS_SEARCH_USER_PATHS = NO;
				CLANG_ANALYZER_NONNULL = YES;
				CLANG_CXX_LANGUAGE_STANDARD = "gnu++0x";
				CLANG_CXX_LIBRARY = "libc++";
				CLANG_ENABLE_MODULES = YES;
				CLANG_ENABLE_OBJC_ARC = YES;
				CLANG_WARN_BOOL_CONVERSION = YES;
				CLANG_WARN_CONSTANT_CONVERSION = YES;
				CLANG_WARN_DIRECT_OBJC_ISA_USAGE = YES_ERROR;
				CLANG_WARN_DOCUMENTATION_COMMENTS = YES;
				CLANG_WARN_EMPTY_BODY = YES;
				CLANG_WARN_ENUM_CONVERSION = YES;
				CLANG_WARN_INFINITE_RECURSION = YES;
				CLANG_WARN_INT_CONVERSION = YES;
				CLANG_WARN_OBJC_ROOT_CLASS = YES_ERROR;
				CLANG_WARN_SUSPICIOUS_MOVE = YES;
				CLANG_WARN_UNREACHABLE_CODE = YES;
				CLANG_WARN__DUPLICATE_METHOD_MATCH = YES;
				"CODE_SIGN_IDENTITY[sdk=iphoneos*]" = "iPhone Developer";
				COPY_PHASE_STRIP = NO;
				DEBUG_INFORMATION_FORMAT = "dwarf-with-dsym";
				ENABLE_NS_ASSERTIONS = NO;
				ENABLE_STRICT_OBJC_MSGSEND = YES;
				GCC_C_LANGUAGE_STANDARD = gnu99;
				GCC_NO_COMMON_BLOCKS = YES;
				GCC_WARN_64_TO_32_BIT_CONVERSION = YES;
				GCC_WARN_ABOUT_RETURN_TYPE = YES_ERROR;
				GCC_WARN_UNDECLARED_SELECTOR = YES;
				GCC_WARN_UNINITIALIZED_AUTOS = YES_AGGRESSIVE;
				GCC_WARN_UNUSED_FUNCTION = YES;
				GCC_WARN_UNUSED_VARIABLE = YES;
				IPHONEOS_DEPLOYMENT_TARGET = 10.2;
				MTL_ENABLE_DEBUG_INFO = NO;
				SDKROOT = iphoneos;
				SWIFT_OPTIMIZATION_LEVEL = "-Owholemodule";
				VALIDATE_PRODUCT = YES;
			};
			name = Release;
		};
		F84245711E5029E0002587D1 /* Debug */ = {
			isa = XCBuildConfiguration;
			buildSettings = {
				ASSETCATALOG_COMPILER_APPICON_NAME = AppIcon;
				ASSETCATALOG_COMPILER_LAUNCHIMAGE_NAME = LaunchImage;
				DEVELOPMENT_TEAM = HB3L92PXLH;
				INFOPLIST_FILE = Prayers/Info.plist;
				LD_RUNPATH_SEARCH_PATHS = "$(inherited) @executable_path/Frameworks";
				PRODUCT_BUNDLE_IDENTIFIER = lb.edu.aub.RabihFawaz.Prayers;
				PRODUCT_NAME = "$(TARGET_NAME)";
				SWIFT_VERSION = 3.0;
			};
			name = Debug;
		};
		F84245721E5029E0002587D1 /* Release */ = {
			isa = XCBuildConfiguration;
			buildSettings = {
				ASSETCATALOG_COMPILER_APPICON_NAME = AppIcon;
				ASSETCATALOG_COMPILER_LAUNCHIMAGE_NAME = LaunchImage;
				DEVELOPMENT_TEAM = HB3L92PXLH;
				INFOPLIST_FILE = Prayers/Info.plist;
				LD_RUNPATH_SEARCH_PATHS = "$(inherited) @executable_path/Frameworks";
				PRODUCT_BUNDLE_IDENTIFIER = lb.edu.aub.RabihFawaz.Prayers;
				PRODUCT_NAME = "$(TARGET_NAME)";
				SWIFT_VERSION = 3.0;
			};
			name = Release;
		};
/* End XCBuildConfiguration section */

/* Begin XCConfigurationList section */
		F84245591E5029DF002587D1 /* Build configuration list for PBXProject "Prayers" */ = {
			isa = XCConfigurationList;
			buildConfigurations = (
				F842456E1E5029E0002587D1 /* Debug */,
				F842456F1E5029E0002587D1 /* Release */,
			);
			defaultConfigurationIsVisible = 0;
			defaultConfigurationName = Release;
		};
		F84245701E5029E0002587D1 /* Build configuration list for PBXNativeTarget "Prayers" */ = {
			isa = XCConfigurationList;
			buildConfigurations = (
				F84245711E5029E0002587D1 /* Debug */,
				F84245721E5029E0002587D1 /* Release */,
			);
			defaultConfigurationIsVisible = 0;
			defaultConfigurationName = Release;
		};
/* End XCConfigurationList section */

/* Begin XCVersionGroup section */
		F84175551E639C7900F7B81D /* PrayerModel.xcdatamodeld */ = {
			isa = XCVersionGroup;
			children = (
				F84175561E639C7900F7B81D /* PrayerModel.xcdatamodel */,
			);
			currentVersion = F84175561E639C7900F7B81D /* PrayerModel.xcdatamodel */;
			path = PrayerModel.xcdatamodeld;
			sourceTree = "<group>";
			versionGroupType = wrapper.xcdatamodel;
		};
/* End XCVersionGroup section */
	};
	rootObject = F84245561E5029DF002587D1 /* Project object */;
}
